// !$*UTF8*$!
{
	archiveVersion = 1;
	classes = {
	};
	objectVersion = 46;
	objects = {

/* Begin PBXBuildFile section */
		F843E6691F22554200F6DD7D /* AppDelegate.swift in Sources */ = {isa = PBXBuildFile; fileRef = F843E6681F22554200F6DD7D /* AppDelegate.swift */; };
		F843E66B1F22554200F6DD7D /* ViewController.swift in Sources */ = {isa = PBXBuildFile; fileRef = F843E66A1F22554200F6DD7D /* ViewController.swift */; };
		F843E66E1F22554200F6DD7D /* Main.storyboard in Resources */ = {isa = PBXBuildFile; fileRef = F843E66C1F22554200F6DD7D /* Main.storyboard */; };
		F843E6701F22554200F6DD7D /* Assets.xcassets in Resources */ = {isa = PBXBuildFile; fileRef = F843E66F1F22554200F6DD7D /* Assets.xcassets */; };
		F843E6731F22554200F6DD7D /* LaunchScreen.storyboard in Resources */ = {isa = PBXBuildFile; fileRef = F843E6711F22554200F6DD7D /* LaunchScreen.storyboard */; };
		F843E6781F22554200F6DD7D /* watch001 WatchKit App.app in Embed Watch Content */ = {isa = PBXBuildFile; fileRef = F843E6771F22554200F6DD7D /* watch001 WatchKit App.app */; };
		F843E67E1F22554200F6DD7D /* Interface.storyboard in Resources */ = {isa = PBXBuildFile; fileRef = F843E67C1F22554200F6DD7D /* Interface.storyboard */; };
		F843E6801F22554200F6DD7D /* Assets.xcassets in Resources */ = {isa = PBXBuildFile; fileRef = F843E67F1F22554200F6DD7D /* Assets.xcassets */; };
		F843E6871F22554200F6DD7D /* watch001 WatchKit Extension.appex in Embed App Extensions */ = {isa = PBXBuildFile; fileRef = F843E6861F22554200F6DD7D /* watch001 WatchKit Extension.appex */; settings = {ATTRIBUTES = (RemoveHeadersOnCopy, ); }; };
		F843E68E1F22554200F6DD7D /* InterfaceController.swift in Sources */ = {isa = PBXBuildFile; fileRef = F843E68D1F22554200F6DD7D /* InterfaceController.swift */; };
		F843E6901F22554200F6DD7D /* ExtensionDelegate.swift in Sources */ = {isa = PBXBuildFile; fileRef = F843E68F1F22554200F6DD7D /* ExtensionDelegate.swift */; };
		F843E6921F22554200F6DD7D /* NotificationController.swift in Sources */ = {isa = PBXBuildFile; fileRef = F843E6911F22554200F6DD7D /* NotificationController.swift */; };
		F843E6941F22554200F6DD7D /* Assets.xcassets in Resources */ = {isa = PBXBuildFile; fileRef = F843E6931F22554200F6DD7D /* Assets.xcassets */; };
/* End PBXBuildFile section */

/* Begin PBXContainerItemProxy section */
		F843E6791F22554200F6DD7D /* PBXContainerItemProxy */ = {
			isa = PBXContainerItemProxy;
			containerPortal = F843E65D1F22554200F6DD7D /* Project object */;
			proxyType = 1;
			remoteGlobalIDString = F843E6761F22554200F6DD7D;
			remoteInfo = "watch001 WatchKit App";
		};
		F843E6881F22554200F6DD7D /* PBXContainerItemProxy */ = {
			isa = PBXContainerItemProxy;
			containerPortal = F843E65D1F22554200F6DD7D /* Project object */;
			proxyType = 1;
			remoteGlobalIDString = F843E6851F22554200F6DD7D;
			remoteInfo = "watch001 WatchKit Extension";
		};
/* End PBXContainerItemProxy section */

/* Begin PBXCopyFilesBuildPhase section */
		F843E69B1F22554200F6DD7D /* Embed App Extensions */ = {
			isa = PBXCopyFilesBuildPhase;
			buildActionMask = 2147483647;
			dstPath = "";
			dstSubfolderSpec = 13;
			files = (
				F843E6871F22554200F6DD7D /* watch001 WatchKit Extension.appex in Embed App Extensions */,
			);
			name = "Embed App Extensions";
			runOnlyForDeploymentPostprocessing = 0;
		};
		F843E69F1F22554200F6DD7D /* Embed Watch Content */ = {
			isa = PBXCopyFilesBuildPhase;
			buildActionMask = 2147483647;
			dstPath = "$(CONTENTS_FOLDER_PATH)/Watch";
			dstSubfolderSpec = 16;
			files = (
				F843E6781F22554200F6DD7D /* watch001 WatchKit App.app in Embed Watch Content */,
			);
			name = "Embed Watch Content";
			runOnlyForDeploymentPostprocessing = 0;
		};
/* End PBXCopyFilesBuildPhase section */

/* Begin PBXFileReference section */
		F843E6651F22554200F6DD7D /* watch001.app */ = {isa = PBXFileReference; explicitFileType = wrapper.application; includeInIndex = 0; path = watch001.app; sourceTree = BUILT_PRODUCTS_DIR; };
		F843E6681F22554200F6DD7D /* AppDelegate.swift */ = {isa = PBXFileReference; lastKnownFileType = sourcecode.swift; path = AppDelegate.swift; sourceTree = "<group>"; };
		F843E66A1F22554200F6DD7D /* ViewController.swift */ = {isa = PBXFileReference; lastKnownFileType = sourcecode.swift; path = ViewController.swift; sourceTree = "<group>"; };
		F843E66D1F22554200F6DD7D /* Base */ = {isa = PBXFileReference; lastKnownFileType = file.storyboard; name = Base; path = Base.lproj/Main.storyboard; sourceTree = "<group>"; };
		F843E66F1F22554200F6DD7D /* Assets.xcassets */ = {isa = PBXFileReference; lastKnownFileType = folder.assetcatalog; path = Assets.xcassets; sourceTree = "<group>"; };
		F843E6721F22554200F6DD7D /* Base */ = {isa = PBXFileReference; lastKnownFileType = file.storyboard; name = Base; path = Base.lproj/LaunchScreen.storyboard; sourceTree = "<group>"; };
		F843E6741F22554200F6DD7D /* Info.plist */ = {isa = PBXFileReference; lastKnownFileType = text.plist.xml; path = Info.plist; sourceTree = "<group>"; };
		F843E6771F22554200F6DD7D /* watch001 WatchKit App.app */ = {isa = PBXFileReference; explicitFileType = wrapper.application; includeInIndex = 0; path = "watch001 WatchKit App.app"; sourceTree = BUILT_PRODUCTS_DIR; };
		F843E67D1F22554200F6DD7D /* Base */ = {isa = PBXFileReference; lastKnownFileType = file.storyboard; name = Base; path = Base.lproj/Interface.storyboard; sourceTree = "<group>"; };
		F843E67F1F22554200F6DD7D /* Assets.xcassets */ = {isa = PBXFileReference; lastKnownFileType = folder.assetcatalog; path = Assets.xcassets; sourceTree = "<group>"; };
		F843E6811F22554200F6DD7D /* Info.plist */ = {isa = PBXFileReference; lastKnownFileType = text.plist.xml; path = Info.plist; sourceTree = "<group>"; };
		F843E6861F22554200F6DD7D /* watch001 WatchKit Extension.appex */ = {isa = PBXFileReference; explicitFileType = "wrapper.app-extension"; includeInIndex = 0; path = "watch001 WatchKit Extension.appex"; sourceTree = BUILT_PRODUCTS_DIR; };
		F843E68C1F22554200F6DD7D /* PushNotificationPayload.apns */ = {isa = PBXFileReference; lastKnownFileType = text; path = PushNotificationPayload.apns; sourceTree = "<group>"; };
		F843E68D1F22554200F6DD7D /* InterfaceController.swift */ = {isa = PBXFileReference; lastKnownFileType = sourcecode.swift; path = InterfaceController.swift; sourceTree = "<group>"; };
		F843E68F1F22554200F6DD7D /* ExtensionDelegate.swift */ = {isa = PBXFileReference; lastKnownFileType = sourcecode.swift; path = ExtensionDelegate.swift; sourceTree = "<group>"; };
		F843E6911F22554200F6DD7D /* NotificationController.swift */ = {isa = PBXFileReference; lastKnownFileType = sourcecode.swift; path = NotificationController.swift; sourceTree = "<group>"; };
		F843E6931F22554200F6DD7D /* Assets.xcassets */ = {isa = PBXFileReference; lastKnownFileType = folder.assetcatalog; path = Assets.xcassets; sourceTree = "<group>"; };
		F843E6951F22554200F6DD7D /* Info.plist */ = {isa = PBXFileReference; lastKnownFileType = text.plist.xml; path = Info.plist; sourceTree = "<group>"; };
/* End PBXFileReference section */

/* Begin PBXFrameworksBuildPhase section */
		F843E6621F22554200F6DD7D /* Frameworks */ = {
			isa = PBXFrameworksBuildPhase;
			buildActionMask = 2147483647;
			files = (
			);
			runOnlyForDeploymentPostprocessing = 0;
		};
		F843E6831F22554200F6DD7D /* Frameworks */ = {
			isa = PBXFrameworksBuildPhase;
			buildActionMask = 2147483647;
			files = (
			);
			runOnlyForDeploymentPostprocessing = 0;
		};
/* End PBXFrameworksBuildPhase section */

/* Begin PBXGroup section */
		F843E65C1F22554200F6DD7D = {
			isa = PBXGroup;
			children = (
				F843E6671F22554200F6DD7D /* watch001 */,
				F843E67B1F22554200F6DD7D /* watch001 WatchKit App */,
				F843E68A1F22554200F6DD7D /* watch001 WatchKit Extension */,
				F843E6661F22554200F6DD7D /* Products */,
			);
			sourceTree = "<group>";
		};
		F843E6661F22554200F6DD7D /* Products */ = {
			isa = PBXGroup;
			children = (
				F843E6651F22554200F6DD7D /* watch001.app */,
				F843E6771F22554200F6DD7D /* watch001 WatchKit App.app */,
				F843E6861F22554200F6DD7D /* watch001 WatchKit Extension.appex */,
			);
			name = Products;
			sourceTree = "<group>";
		};
		F843E6671F22554200F6DD7D /* watch001 */ = {
			isa = PBXGroup;
			children = (
				F843E6681F22554200F6DD7D /* AppDelegate.swift */,
				F843E66A1F22554200F6DD7D /* ViewController.swift */,
				F843E66C1F22554200F6DD7D /* Main.storyboard */,
				F843E66F1F22554200F6DD7D /* Assets.xcassets */,
				F843E6711F22554200F6DD7D /* LaunchScreen.storyboard */,
				F843E6741F22554200F6DD7D /* Info.plist */,
			);
			path = watch001;
			sourceTree = "<group>";
		};
		F843E67B1F22554200F6DD7D /* watch001 WatchKit App */ = {
			isa = PBXGroup;
			children = (
				F843E67C1F22554200F6DD7D /* Interface.storyboard */,
				F843E67F1F22554200F6DD7D /* Assets.xcassets */,
				F843E6811F22554200F6DD7D /* Info.plist */,
			);
			path = "watch001 WatchKit App";
			sourceTree = "<group>";
		};
		F843E68A1F22554200F6DD7D /* watch001 WatchKit Extension */ = {
			isa = PBXGroup;
			children = (
				F843E68D1F22554200F6DD7D /* InterfaceController.swift */,
				F843E68F1F22554200F6DD7D /* ExtensionDelegate.swift */,
				F843E6911F22554200F6DD7D /* NotificationController.swift */,
				F843E6931F22554200F6DD7D /* Assets.xcassets */,
				F843E6951F22554200F6DD7D /* Info.plist */,
				F843E68B1F22554200F6DD7D /* Supporting Files */,
			);
			path = "watch001 WatchKit Extension";
			sourceTree = "<group>";
		};
		F843E68B1F22554200F6DD7D /* Supporting Files */ = {
			isa = PBXGroup;
			children = (
				F843E68C1F22554200F6DD7D /* PushNotificationPayload.apns */,
			);
			name = "Supporting Files";
			sourceTree = "<group>";
		};
/* End PBXGroup section */

/* Begin PBXNativeTarget section */
		F843E6641F22554200F6DD7D /* watch001 */ = {
			isa = PBXNativeTarget;
			buildConfigurationList = F843E6A01F22554200F6DD7D /* Build configuration list for PBXNativeTarget "watch001" */;
			buildPhases = (
				F843E6611F22554200F6DD7D /* Sources */,
				F843E6621F22554200F6DD7D /* Frameworks */,
				F843E6631F22554200F6DD7D /* Resources */,
				F843E69F1F22554200F6DD7D /* Embed Watch Content */,
			);
			buildRules = (
			);
			dependencies = (
				F843E67A1F22554200F6DD7D /* PBXTargetDependency */,
			);
			name = watch001;
			productName = watch001;
			productReference = F843E6651F22554200F6DD7D /* watch001.app */;
			productType = "com.apple.product-type.application";
		};
		F843E6761F22554200F6DD7D /* watch001 WatchKit App */ = {
			isa = PBXNativeTarget;
			buildConfigurationList = F843E69C1F22554200F6DD7D /* Build configuration list for PBXNativeTarget "watch001 WatchKit App" */;
			buildPhases = (
				F843E6751F22554200F6DD7D /* Resources */,
				F843E69B1F22554200F6DD7D /* Embed App Extensions */,
			);
			buildRules = (
			);
			dependencies = (
				F843E6891F22554200F6DD7D /* PBXTargetDependency */,
			);
			name = "watch001 WatchKit App";
			productName = "watch001 WatchKit App";
			productReference = F843E6771F22554200F6DD7D /* watch001 WatchKit App.app */;
			productType = "com.apple.product-type.application.watchapp2";
		};
		F843E6851F22554200F6DD7D /* watch001 WatchKit Extension */ = {
			isa = PBXNativeTarget;
			buildConfigurationList = F843E6981F22554200F6DD7D /* Build configuration list for PBXNativeTarget "watch001 WatchKit Extension" */;
			buildPhases = (
				F843E6821F22554200F6DD7D /* Sources */,
				F843E6831F22554200F6DD7D /* Frameworks */,
				F843E6841F22554200F6DD7D /* Resources */,
			);
			buildRules = (
			);
			dependencies = (
			);
			name = "watch001 WatchKit Extension";
			productName = "watch001 WatchKit Extension";
			productReference = F843E6861F22554200F6DD7D /* watch001 WatchKit Extension.appex */;
			productType = "com.apple.product-type.watchkit2-extension";
		};
/* End PBXNativeTarget section */

/* Begin PBXProject section */
		F843E65D1F22554200F6DD7D /* Project object */ = {
			isa = PBXProject;
			attributes = {
				LastSwiftUpdateCheck = 0830;
				LastUpgradeCheck = 0830;
				ORGANIZATIONNAME = spacepalm;
				TargetAttributes = {
					F843E6641F22554200F6DD7D = {
						CreatedOnToolsVersion = 8.3.3;
						DevelopmentTeam = 6NFHYPRTLZ;
						ProvisioningStyle = Automatic;
					};
					F843E6761F22554200F6DD7D = {
						CreatedOnToolsVersion = 8.3.3;
						DevelopmentTeam = 6NFHYPRTLZ;
						ProvisioningStyle = Automatic;
					};
					F843E6851F22554200F6DD7D = {
						CreatedOnToolsVersion = 8.3.3;
						DevelopmentTeam = 6NFHYPRTLZ;
						ProvisioningStyle = Automatic;
					};
				};
			};
			buildConfigurationList = F843E6601F22554200F6DD7D /* Build configuration list for PBXProject "watch001" */;
			compatibilityVersion = "Xcode 3.2";
			developmentRegion = English;
			hasScannedForEncodings = 0;
			knownRegions = (
				en,
				Base,
			);
			mainGroup = F843E65C1F22554200F6DD7D;
			productRefGroup = F843E6661F22554200F6DD7D /* Products */;
			projectDirPath = "";
			projectRoot = "";
			targets = (
				F843E6641F22554200F6DD7D /* watch001 */,
				F843E6761F22554200F6DD7D /* watch001 WatchKit App */,
				F843E6851F22554200F6DD7D /* watch001 WatchKit Extension */,
			);
		};
/* End PBXProject section */

/* Begin PBXResourcesBuildPhase section */
		F843E6631F22554200F6DD7D /* Resources */ = {
			isa = PBXResourcesBuildPhase;
			buildActionMask = 2147483647;
			files = (
				F843E6731F22554200F6DD7D /* LaunchScreen.storyboard in Resources */,
				F843E6701F22554200F6DD7D /* Assets.xcassets in Resources */,
				F843E66E1F22554200F6DD7D /* Main.storyboard in Resources */,
			);
			runOnlyForDeploymentPostprocessing = 0;
		};
		F843E6751F22554200F6DD7D /* Resources */ = {
			isa = PBXResourcesBuildPhase;
			buildActionMask = 2147483647;
			files = (
				F843E6801F22554200F6DD7D /* Assets.xcassets in Resources */,
				F843E67E1F22554200F6DD7D /* Interface.storyboard in Resources */,
			);
			runOnlyForDeploymentPostprocessing = 0;
		};
		F843E6841F22554200F6DD7D /* Resources */ = {
			isa = PBXResourcesBuildPhase;
			buildActionMask = 2147483647;
			files = (
				F843E6941F22554200F6DD7D /* Assets.xcassets in Resources */,
			);
			runOnlyForDeploymentPostprocessing = 0;
		};
/* End PBXResourcesBuildPhase section */

/* Begin PBXSourcesBuildPhase section */
		F843E6611F22554200F6DD7D /* Sources */ = {
			isa = PBXSourcesBuildPhase;
			buildActionMask = 2147483647;
			files = (
				F843E66B1F22554200F6DD7D /* ViewController.swift in Sources */,
				F843E6691F22554200F6DD7D /* AppDelegate.swift in Sources */,
			);
			runOnlyForDeploymentPostprocessing = 0;
		};
		F843E6821F22554200F6DD7D /* Sources */ = {
			isa = PBXSourcesBuildPhase;
			buildActionMask = 2147483647;
			files = (
				F843E6921F22554200F6DD7D /* NotificationController.swift in Sources */,
				F843E6901F22554200F6DD7D /* ExtensionDelegate.swift in Sources */,
				F843E68E1F22554200F6DD7D /* InterfaceController.swift in Sources */,
			);
			runOnlyForDeploymentPostprocessing = 0;
		};
/* End PBXSourcesBuildPhase section */

/* Begin PBXTargetDependency section */
		F843E67A1F22554200F6DD7D /* PBXTargetDependency */ = {
			isa = PBXTargetDependency;
			target = F843E6761F22554200F6DD7D /* watch001 WatchKit App */;
			targetProxy = F843E6791F22554200F6DD7D /* PBXContainerItemProxy */;
		};
		F843E6891F22554200F6DD7D /* PBXTargetDependency */ = {
			isa = PBXTargetDependency;
			target = F843E6851F22554200F6DD7D /* watch001 WatchKit Extension */;
			targetProxy = F843E6881F22554200F6DD7D /* PBXContainerItemProxy */;
		};
/* End PBXTargetDependency section */

/* Begin PBXVariantGroup section */
		F843E66C1F22554200F6DD7D /* Main.storyboard */ = {
			isa = PBXVariantGroup;
			children = (
				F843E66D1F22554200F6DD7D /* Base */,
			);
			name = Main.storyboard;
			sourceTree = "<group>";
		};
		F843E6711F22554200F6DD7D /* LaunchScreen.storyboard */ = {
			isa = PBXVariantGroup;
			children = (
				F843E6721F22554200F6DD7D /* Base */,
			);
			name = LaunchScreen.storyboard;
			sourceTree = "<group>";
		};
		F843E67C1F22554200F6DD7D /* Interface.storyboard */ = {
			isa = PBXVariantGroup;
			children = (
				F843E67D1F22554200F6DD7D /* Base */,
			);
			name = Interface.storyboard;
			sourceTree = "<group>";
		};
/* End PBXVariantGroup section */

/* Begin XCBuildConfiguration section */
		F843E6961F22554200F6DD7D /* Debug */ = {
			isa = XCBuildConfiguration;
			buildSettings = {
				ALWAYS_SEARCH_USER_PATHS = NO;
				CLANG_ANALYZER_NONNULL = YES;
				CLANG_ANALYZER_NUMBER_OBJECT_CONVERSION = YES_AGGRESSIVE;
				CLANG_CXX_LANGUAGE_STANDARD = "gnu++0x";
				CLANG_CXX_LIBRARY = "libc++";
				CLANG_ENABLE_MODULES = YES;
				CLANG_ENABLE_OBJC_ARC = YES;
				CLANG_WARN_BOOL_CONVERSION = YES;
				CLANG_WARN_CONSTANT_CONVERSION = YES;
				CLANG_WARN_DIRECT_OBJC_ISA_USAGE = YES_ERROR;
				CLANG_WARN_DOCUMENTATION_COMMENTS = YES;
				CLANG_WARN_EMPTY_BODY = YES;
				CLANG_WARN_ENUM_CONVERSION = YES;
				CLANG_WARN_INFINITE_RECURSION = YES;
				CLANG_WARN_INT_CONVERSION = YES;
				CLANG_WARN_OBJC_ROOT_CLASS = YES_ERROR;
				CLANG_WARN_SUSPICIOUS_MOVE = YES;
				CLANG_WARN_UNREACHABLE_CODE = YES;
				CLANG_WARN__DUPLICATE_METHOD_MATCH = YES;
				"CODE_SIGN_IDENTITY[sdk=iphoneos*]" = "iPhone Developer";
				COPY_PHASE_STRIP = NO;
				DEBUG_INFORMATION_FORMAT = dwarf;
				ENABLE_STRICT_OBJC_MSGSEND = YES;
				ENABLE_TESTABILITY = YES;
				GCC_C_LANGUAGE_STANDARD = gnu99;
				GCC_DYNAMIC_NO_PIC = NO;
				GCC_NO_COMMON_BLOCKS = YES;
				GCC_OPTIMIZATION_LEVEL = 0;
				GCC_PREPROCESSOR_DEFINITIONS = (
					"DEBUG=1",
					"$(inherited)",
				);
				GCC_WARN_64_TO_32_BIT_CONVERSION = YES;
				GCC_WARN_ABOUT_RETURN_TYPE = YES_ERROR;
				GCC_WARN_UNDECLARED_SELECTOR = YES;
				GCC_WARN_UNINITIALIZED_AUTOS = YES_AGGRESSIVE;
				GCC_WARN_UNUSED_FUNCTION = YES;
				GCC_WARN_UNUSED_VARIABLE = YES;
				IPHONEOS_DEPLOYMENT_TARGET = 10.3;
				MTL_ENABLE_DEBUG_INFO = YES;
				ONLY_ACTIVE_ARCH = YES;
				SDKROOT = iphoneos;
				SWIFT_ACTIVE_COMPILATION_CONDITIONS = DEBUG;
				SWIFT_OPTIMIZATION_LEVEL = "-Onone";
				TARGETED_DEVICE_FAMILY = "1,2";
			};
			name = Debug;
		};
		F843E6971F22554200F6DD7D /* Release */ = {
			isa = XCBuildConfiguration;
			buildSettings = {
				ALWAYS_SEARCH_USER_PATHS = NO;
				CLANG_ANALYZER_NONNULL = YES;
				CLANG_ANALYZER_NUMBER_OBJECT_CONVERSION = YES_AGGRESSIVE;
				CLANG_CXX_LANGUAGE_STANDARD = "gnu++0x";
				CLANG_CXX_LIBRARY = "libc++";
				CLANG_ENABLE_MODULES = YES;
				CLANG_ENABLE_OBJC_ARC = YES;
				CLANG_WARN_BOOL_CONVERSION = YES;
				CLANG_WARN_CONSTANT_CONVERSION = YES;
				CLANG_WARN_DIRECT_OBJC_ISA_USAGE = YES_ERROR;
				CLANG_WARN_DOCUMENTATION_COMMENTS = YES;
				CLANG_WARN_EMPTY_BODY = YES;
				CLANG_WARN_ENUM_CONVERSION = YES;
				CLANG_WARN_INFINITE_RECURSION = YES;
				CLANG_WARN_INT_CONVERSION = YES;
				CLANG_WARN_OBJC_ROOT_CLASS = YES_ERROR;
				CLANG_WARN_SUSPICIOUS_MOVE = YES;
				CLANG_WARN_UNREACHABLE_CODE = YES;
				CLANG_WARN__DUPLICATE_METHOD_MATCH = YES;
				"CODE_SIGN_IDENTITY[sdk=iphoneos*]" = "iPhone Developer";
				COPY_PHASE_STRIP = NO;
				DEBUG_INFORMATION_FORMAT = "dwarf-with-dsym";
				ENABLE_NS_ASSERTIONS = NO;
				ENABLE_STRICT_OBJC_MSGSEND = YES;
				GCC_C_LANGUAGE_STANDARD = gnu99;
				GCC_NO_COMMON_BLOCKS = YES;
				GCC_WARN_64_TO_32_BIT_CONVERSION = YES;
				GCC_WARN_ABOUT_RETURN_TYPE = YES_ERROR;
				GCC_WARN_UNDECLARED_SELECTOR = YES;
				GCC_WARN_UNINITIALIZED_AUTOS = YES_AGGRESSIVE;
				GCC_WARN_UNUSED_FUNCTION = YES;
				GCC_WARN_UNUSED_VARIABLE = YES;
				IPHONEOS_DEPLOYMENT_TARGET = 10.3;
				MTL_ENABLE_DEBUG_INFO = NO;
				SDKROOT = iphoneos;
				SWIFT_OPTIMIZATION_LEVEL = "-Owholemodule";
				TARGETED_DEVICE_FAMILY = "1,2";
				VALIDATE_PRODUCT = YES;
			};
			name = Release;
		};
		F843E6991F22554200F6DD7D /* Debug */ = {
			isa = XCBuildConfiguration;
			buildSettings = {
				ASSETCATALOG_COMPILER_COMPLICATION_NAME = Complication;
				DEVELOPMENT_TEAM = 6NFHYPRTLZ;
				INFOPLIST_FILE = "watch001 WatchKit Extension/Info.plist";
				LD_RUNPATH_SEARCH_PATHS = "$(inherited) @executable_path/Frameworks @executable_path/../../Frameworks";
				PRODUCT_BUNDLE_IDENTIFIER = com.spacepalm.watch001.watchkitapp.watchkitextension;
				PRODUCT_NAME = "${TARGET_NAME}";
				SDKROOT = watchos;
				SKIP_INSTALL = YES;
				SWIFT_VERSION = 3.0;
				TARGETED_DEVICE_FAMILY = 4;
				WATCHOS_DEPLOYMENT_TARGET = 3.2;
			};
			name = Debug;
		};
		F843E69A1F22554200F6DD7D /* Release */ = {
			isa = XCBuildConfiguration;
			buildSettings = {
				ASSETCATALOG_COMPILER_COMPLICATION_NAME = Complication;
				DEVELOPMENT_TEAM = 6NFHYPRTLZ;
				INFOPLIST_FILE = "watch001 WatchKit Extension/Info.plist";
				LD_RUNPATH_SEARCH_PATHS = "$(inherited) @executable_path/Frameworks @executable_path/../../Frameworks";
				PRODUCT_BUNDLE_IDENTIFIER = com.spacepalm.watch001.watchkitapp.watchkitextension;
				PRODUCT_NAME = "${TARGET_NAME}";
				SDKROOT = watchos;
				SKIP_INSTALL = YES;
				SWIFT_VERSION = 3.0;
				TARGETED_DEVICE_FAMILY = 4;
				WATCHOS_DEPLOYMENT_TARGET = 3.2;
			};
			name = Release;
		};
		F843E69D1F22554200F6DD7D /* Debug */ = {
			isa = XCBuildConfiguration;
			buildSettings = {
				ALWAYS_EMBED_SWIFT_STANDARD_LIBRARIES = YES;
				ASSETCATALOG_COMPILER_APPICON_NAME = AppIcon;
				DEVELOPMENT_TEAM = 6NFHYPRTLZ;
				IBSC_MODULE = watch001_WatchKit_Extension;
				INFOPLIST_FILE = "watch001 WatchKit App/Info.plist";
				PRODUCT_BUNDLE_IDENTIFIER = com.spacepalm.watch001.watchkitapp;
				PRODUCT_NAME = "$(TARGET_NAME)";
				SDKROOT = watchos;
				SKIP_INSTALL = YES;
				SWIFT_VERSION = 3.0;
				TARGETED_DEVICE_FAMILY = 4;
				WATCHOS_DEPLOYMENT_TARGET = 3.2;
			};
			name = Debug;
		};
		F843E69E1F22554200F6DD7D /* Release */ = {
			isa = XCBuildConfiguration;
			buildSettings = {
				ALWAYS_EMBED_SWIFT_STANDARD_LIBRARIES = YES;
				ASSETCATALOG_COMPILER_APPICON_NAME = AppIcon;
				DEVELOPMENT_TEAM = 6NFHYPRTLZ;
				IBSC_MODULE = watch001_WatchKit_Extension;
				INFOPLIST_FILE = "watch001 WatchKit App/Info.plist";
				PRODUCT_BUNDLE_IDENTIFIER = com.spacepalm.watch001.watchkitapp;
				PRODUCT_NAME = "$(TARGET_NAME)";
				SDKROOT = watchos;
				SKIP_INSTALL = YES;
				SWIFT_VERSION = 3.0;
				TARGETED_DEVICE_FAMILY = 4;
				WATCHOS_DEPLOYMENT_TARGET = 3.2;
			};
			name = Release;
		};
		F843E6A11F22554200F6DD7D /* Debug */ = {
			isa = XCBuildConfiguration;
			buildSettings = {
				ASSETCATALOG_COMPILER_APPICON_NAME = AppIcon;
				DEVELOPMENT_TEAM = 6NFHYPRTLZ;
				INFOPLIST_FILE = watch001/Info.plist;
				LD_RUNPATH_SEARCH_PATHS = "$(inherited) @executable_path/Frameworks";
				PRODUCT_BUNDLE_IDENTIFIER = com.spacepalm.watch001;
				PRODUCT_NAME = "$(TARGET_NAME)";
				SWIFT_VERSION = 3.0;
			};
			name = Debug;
		};
		F843E6A21F22554200F6DD7D /* Release */ = {
			isa = XCBuildConfiguration;
			buildSettings = {
				ASSETCATALOG_COMPILER_APPICON_NAME = AppIcon;
				DEVELOPMENT_TEAM = 6NFHYPRTLZ;
				INFOPLIST_FILE = watch001/Info.plist;
				LD_RUNPATH_SEARCH_PATHS = "$(inherited) @executable_path/Frameworks";
				PRODUCT_BUNDLE_IDENTIFIER = com.spacepalm.watch001;
				PRODUCT_NAME = "$(TARGET_NAME)";
				SWIFT_VERSION = 3.0;
			};
			name = Release;
		};
/* End XCBuildConfiguration section */

/* Begin XCConfigurationList section */
		F843E6601F22554200F6DD7D /* Build configuration list for PBXProject "watch001" */ = {
			isa = XCConfigurationList;
			buildConfigurations = (
				F843E6961F22554200F6DD7D /* Debug */,
				F843E6971F22554200F6DD7D /* Release */,
			);
			defaultConfigurationIsVisible = 0;
			defaultConfigurationName = Release;
		};
		F843E6981F22554200F6DD7D /* Build configuration list for PBXNativeTarget "watch001 WatchKit Extension" */ = {
			isa = XCConfigurationList;
			buildConfigurations = (
				F843E6991F22554200F6DD7D /* Debug */,
				F843E69A1F22554200F6DD7D /* Release */,
			);
			defaultConfigurationIsVisible = 0;
		};
		F843E69C1F22554200F6DD7D /* Build configuration list for PBXNativeTarget "watch001 WatchKit App" */ = {
			isa = XCConfigurationList;
			buildConfigurations = (
				F843E69D1F22554200F6DD7D /* Debug */,
				F843E69E1F22554200F6DD7D /* Release */,
			);
			defaultConfigurationIsVisible = 0;
		};
		F843E6A01F22554200F6DD7D /* Build configuration list for PBXNativeTarget "watch001" */ = {
			isa = XCConfigurationList;
			buildConfigurations = (
				F843E6A11F22554200F6DD7D /* Debug */,
				F843E6A21F22554200F6DD7D /* Release */,
			);
			defaultConfigurationIsVisible = 0;
		};
/* End XCConfigurationList section */
	};
	rootObject = F843E65D1F22554200F6DD7D /* Project object */;
}
